
Microsoft Visual Studio Solution File, Format Version 12.00
# Visual Studio 15
VisualStudioVersion = 15.0.27703.2042
MinimumVisualStudioVersion = 10.0.40219.1
Project("{FAE04EC0-301F-11D3-BF4B-00C04F79EFBC}") = "GenericCLX", "GenericCLX.csproj", "{65DC0B97-C4A6-4B6E-B648-B6BEC1816D48}"
EndProject
Global
	GlobalSection(SolutionConfigurationPlatforms) = preSolution
		Debug|Any CPU = Debug|Any CPU
		Release|Any CPU = Release|Any CPU
	EndGlobalSection
	GlobalSection(ProjectConfigurationPlatforms) = postSolution
		{65DC0B97-C4A6-4B6E-B648-B6BEC1816D48}.Debug|Any CPU.ActiveCfg = Debug|Any CPU
		{65DC0B97-C4A6-4B6E-B648-B6BEC1816D48}.Debug|Any CPU.Build.0 = Debug|Any CPU
		{65DC0B97-C4A6-4B6E-B648-B6BEC1816D48}.Release|Any CPU.ActiveCfg = Release|Any CPU
		{65DC0B97-C4A6-4B6E-B648-B6BEC1816D48}.Release|Any CPU.Build.0 = Release|Any CPU
	EndGlobalSection
	GlobalSection(SolutionProperties) = preSolution
		HideSolutionNode = FALSE
	EndGlobalSection
	GlobalSection(ExtensibilityGlobals) = postSolution
		SolutionGuid = {1891D966-01AC-49E6-98BA-B077AB3A766B}
	EndGlobalSection
EndGlobal
